
Microsoft Visual Studio Solution File, Format Version 12.00
# Visual Studio 2013
VisualStudioVersion = 12.0.31101.0
MinimumVisualStudioVersion = 10.0.40219.1
Project("{CC5FD16D-436D-48AD-A40C-5A424C6E3E79}") = "AzureCloudService1", "AzureCloudService1\AzureCloudService1.ccproj", "{A4BC1B60-C952-4B4A-9465-069B39B4FD31}"
EndProject
Project("{FAE04EC0-301F-11D3-BF4B-00C04F79EFBC}") = "WorkerRole1", "WorkerRole1\WorkerRole1.csproj", "{CB97E443-614A-4E9E-9F49-780D2E99F233}"
EndProject
Project("{FAE04EC0-301F-11D3-BF4B-00C04F79EFBC}") = "EHwriter", "EHwriter\EHwriter.csproj", "{51DA552E-621E-4AEF-87A2-A9BCAFBBA920}"
EndProject
Global
	GlobalSection(SolutionConfigurationPlatforms) = preSolution
		Debug|Any CPU = Debug|Any CPU
		Release|Any CPU = Release|Any CPU
	EndGlobalSection
	GlobalSection(ProjectConfigurationPlatforms) = postSolution
		{A4BC1B60-C952-4B4A-9465-069B39B4FD31}.Debug|Any CPU.ActiveCfg = Debug|Any CPU
		{A4BC1B60-C952-4B4A-9465-069B39B4FD31}.Debug|Any CPU.Build.0 = Debug|Any CPU
		{A4BC1B60-C952-4B4A-9465-069B39B4FD31}.Release|Any CPU.ActiveCfg = Release|Any CPU
		{A4BC1B60-C952-4B4A-9465-069B39B4FD31}.Release|Any CPU.Build.0 = Release|Any CPU
		{CB97E443-614A-4E9E-9F49-780D2E99F233}.Debug|Any CPU.ActiveCfg = Debug|Any CPU
		{CB97E443-614A-4E9E-9F49-780D2E99F233}.Debug|Any CPU.Build.0 = Debug|Any CPU
		{CB97E443-614A-4E9E-9F49-780D2E99F233}.Release|Any CPU.ActiveCfg = Release|Any CPU
		{CB97E443-614A-4E9E-9F49-780D2E99F233}.Release|Any CPU.Build.0 = Release|Any CPU
		{51DA552E-621E-4AEF-87A2-A9BCAFBBA920}.Debug|Any CPU.ActiveCfg = Debug|Any CPU
		{51DA552E-621E-4AEF-87A2-A9BCAFBBA920}.Debug|Any CPU.Build.0 = Debug|Any CPU
		{51DA552E-621E-4AEF-87A2-A9BCAFBBA920}.Release|Any CPU.ActiveCfg = Release|Any CPU
		{51DA552E-621E-4AEF-87A2-A9BCAFBBA920}.Release|Any CPU.Build.0 = Release|Any CPU
	EndGlobalSection
	GlobalSection(SolutionProperties) = preSolution
		HideSolutionNode = FALSE
	EndGlobalSection
EndGlobal
